
Microsoft Visual Studio Solution File, Format Version 12.00
# Visual Studio Version 17
VisualStudioVersion = 17.3.32804.467
MinimumVisualStudioVersion = 10.0.40219.1
Project("{54A90642-561A-4BB1-A94E-469ADEE60C69}") = "Amelie.Frontend", "Amelie.Frontend\Amelie.Frontend.esproj", "{4157E57E-1701-4988-B5E7-25B5876757C9}"
EndProject
Project("{FAE04EC0-301F-11D3-BF4B-00C04F79EFBC}") = "Amelie.Backend", "Amelie.Backend\Amelie.Backend.csproj", "{5C71AEEF-F314-4065-AAE3-65DB1D6ADE45}"
EndProject
Global
	GlobalSection(SolutionConfigurationPlatforms) = preSolution
		Debug|Any CPU = Debug|Any CPU
		Release|Any CPU = Release|Any CPU
	EndGlobalSection
	GlobalSection(ProjectConfigurationPlatforms) = postSolution
		{4157E57E-1701-4988-B5E7-25B5876757C9}.Debug|Any CPU.ActiveCfg = Debug|Any CPU
		{4157E57E-1701-4988-B5E7-25B5876757C9}.Debug|Any CPU.Build.0 = Debug|Any CPU
		{4157E57E-1701-4988-B5E7-25B5876757C9}.Debug|Any CPU.Deploy.0 = Debug|Any CPU
		{4157E57E-1701-4988-B5E7-25B5876757C9}.Release|Any CPU.ActiveCfg = Release|Any CPU
		{4157E57E-1701-4988-B5E7-25B5876757C9}.Release|Any CPU.Build.0 = Release|Any CPU
		{4157E57E-1701-4988-B5E7-25B5876757C9}.Release|Any CPU.Deploy.0 = Release|Any CPU
		{5C71AEEF-F314-4065-AAE3-65DB1D6ADE45}.Debug|Any CPU.ActiveCfg = Debug|Any CPU
		{5C71AEEF-F314-4065-AAE3-65DB1D6ADE45}.Debug|Any CPU.Build.0 = Debug|Any CPU
		{5C71AEEF-F314-4065-AAE3-65DB1D6ADE45}.Release|Any CPU.ActiveCfg = Release|Any CPU
		{5C71AEEF-F314-4065-AAE3-65DB1D6ADE45}.Release|Any CPU.Build.0 = Release|Any CPU
	EndGlobalSection
	GlobalSection(SolutionProperties) = preSolution
		HideSolutionNode = FALSE
	EndGlobalSection
	GlobalSection(ExtensibilityGlobals) = postSolution
		                SolutionGuid = {41330051-A3B3-4C7C-9BCA-E02F941C0EB0}
		SolutionGuid = {DC1FFC8D-B9D9-4DBD-A388-2008D92A1009}
	EndGlobalSection
EndGlobal
